# Lock threads bot configuration
daysUntilLock: 90
exemptLabels:
  - pinned
  - security
  - good first issue
  - help wanted
lockLabel: false
lockComment: >
  This thread has been automatically locked since there has not been
  any recent activity after it was closed. Please open a new issue for
  related bugs and reference this one.
setDryRun: false
